
Microsoft Visual Studio Solution File, Format Version 12.00
# Visual Studio Version 16
VisualStudioVersion = 16.0.31112.23
MinimumVisualStudioVersion = 10.0.40219.1
Project("{FAE04EC0-301F-11D3-BF4B-00C04F79EFBC}") = "mcv", "mcv\mcv.csproj", "{D9FC2247-1FC5-4613-8DB5-3184B0069A6F}"
EndProject
Global
	GlobalSection(SolutionConfigurationPlatforms) = preSolution
		Debug|Any CPU = Debug|Any CPU
		Release|Any CPU = Release|Any CPU
	EndGlobalSection
	GlobalSection(ProjectConfigurationPlatforms) = postSolution
		{D9FC2247-1FC5-4613-8DB5-3184B0069A6F}.Debug|Any CPU.ActiveCfg = Debug|Any CPU
		{D9FC2247-1FC5-4613-8DB5-3184B0069A6F}.Debug|Any CPU.Build.0 = Debug|Any CPU
		{D9FC2247-1FC5-4613-8DB5-3184B0069A6F}.Release|Any CPU.ActiveCfg = Release|Any CPU
		{D9FC2247-1FC5-4613-8DB5-3184B0069A6F}.Release|Any CPU.Build.0 = Release|Any CPU
	EndGlobalSection
	GlobalSection(SolutionProperties) = preSolution
		HideSolutionNode = FALSE
	EndGlobalSection
	GlobalSection(ExtensibilityGlobals) = postSolution
		SolutionGuid = {4DA05613-2516-4CC7-BD66-EA1F1559A8C5}
	EndGlobalSection
EndGlobal
